
Microsoft Visual Studio Solution File, Format Version 12.00
# Visual Studio 2017
Project("{FAE04EC0-301F-11D3-BF4B-00C04F79EFBC}") = "ProyectoJuegos", "ProyectoJuegos.csproj", "{66D09EF5-CAD5-455A-2A13-E59F3553AE4B}"
EndProject
Project("{FAE04EC0-301F-11D3-BF4B-00C04F79EFBC}") = "ProyectoJuegos.Plugins", "ProyectoJuegos.Plugins.csproj", "{7ADC1DF9-7A94-B1BA-8A33-28E97EA350F1}"
EndProject
Project("{FAE04EC0-301F-11D3-BF4B-00C04F79EFBC}") = "ProyectoJuegos.Editor", "ProyectoJuegos.Editor.csproj", "{1C5E3924-C00C-F33A-30EB-0CD663356AFA}"
EndProject
Global
	GlobalSection(SolutionConfigurationPlatforms) = preSolution
		Debug|Any CPU = Debug|Any CPU
		Release|Any CPU = Release|Any CPU
	EndGlobalSection
	GlobalSection(ProjectConfigurationPlatforms) = postSolution
		{66D09EF5-CAD5-455A-2A13-E59F3553AE4B}.Debug|Any CPU.ActiveCfg = Debug|Any CPU
		{66D09EF5-CAD5-455A-2A13-E59F3553AE4B}.Debug|Any CPU.Build.0 = Debug|Any CPU
		{66D09EF5-CAD5-455A-2A13-E59F3553AE4B}.Release|Any CPU.ActiveCfg = Release|Any CPU
		{66D09EF5-CAD5-455A-2A13-E59F3553AE4B}.Release|Any CPU.Build.0 = Release|Any CPU
		{7ADC1DF9-7A94-B1BA-8A33-28E97EA350F1}.Debug|Any CPU.ActiveCfg = Debug|Any CPU
		{7ADC1DF9-7A94-B1BA-8A33-28E97EA350F1}.Debug|Any CPU.Build.0 = Debug|Any CPU
		{7ADC1DF9-7A94-B1BA-8A33-28E97EA350F1}.Release|Any CPU.ActiveCfg = Release|Any CPU
		{7ADC1DF9-7A94-B1BA-8A33-28E97EA350F1}.Release|Any CPU.Build.0 = Release|Any CPU
		{1C5E3924-C00C-F33A-30EB-0CD663356AFA}.Debug|Any CPU.ActiveCfg = Debug|Any CPU
		{1C5E3924-C00C-F33A-30EB-0CD663356AFA}.Debug|Any CPU.Build.0 = Debug|Any CPU
		{1C5E3924-C00C-F33A-30EB-0CD663356AFA}.Release|Any CPU.ActiveCfg = Release|Any CPU
		{1C5E3924-C00C-F33A-30EB-0CD663356AFA}.Release|Any CPU.Build.0 = Release|Any CPU
	EndGlobalSection
	GlobalSection(SolutionProperties) = preSolution
		HideSolutionNode = FALSE
	EndGlobalSection
EndGlobal
